
Microsoft Visual Studio Solution File, Format Version 12.00
# Visual Studio 15
VisualStudioVersion = 15.0.28307.106
MinimumVisualStudioVersion = 10.0.40219.1
Project("{FAE04EC0-301F-11D3-BF4B-00C04F79EFBC}") = "Task 3", "Task 3\Task 3.csproj", "{F9DFF8F3-F29F-4CA4-B1A9-A1CA1C73EE38}"
EndProject
Global
	GlobalSection(SolutionConfigurationPlatforms) = preSolution
		Debug|Any CPU = Debug|Any CPU
		Release|Any CPU = Release|Any CPU
	EndGlobalSection
	GlobalSection(ProjectConfigurationPlatforms) = postSolution
		{F9DFF8F3-F29F-4CA4-B1A9-A1CA1C73EE38}.Debug|Any CPU.ActiveCfg = Debug|Any CPU
		{F9DFF8F3-F29F-4CA4-B1A9-A1CA1C73EE38}.Debug|Any CPU.Build.0 = Debug|Any CPU
		{F9DFF8F3-F29F-4CA4-B1A9-A1CA1C73EE38}.Release|Any CPU.ActiveCfg = Release|Any CPU
		{F9DFF8F3-F29F-4CA4-B1A9-A1CA1C73EE38}.Release|Any CPU.Build.0 = Release|Any CPU
	EndGlobalSection
	GlobalSection(SolutionProperties) = preSolution
		HideSolutionNode = FALSE
	EndGlobalSection
	GlobalSection(ExtensibilityGlobals) = postSolution
		SolutionGuid = {5FE74154-FBF9-4A79-9BDD-EC6C299370C8}
	EndGlobalSection
EndGlobal
